# THIS IS AN AUTOGENERATED FILE. DO NOT EDIT THIS FILE DIRECTLY.
# yarn lockfile v1


bootstrap-table@^1.14.2:
  version "1.14.2"
  resolved "https://registry.yarnpkg.com/bootstrap-table/-/bootstrap-table-1.14.2.tgz#d8f5673de5b35bbdf368488375f5a6f9395b7cdc"
  integrity sha512-TlB8YnAGg7SNixmwjre3zftOOostSfCF3zGpDUGD7xNsqVI2RwTAM5m9CPjgJe7fKVkid+EcfjEwKafr0kFnbQ==
