# THIS IS AN AUTOGENERATED FILE. DO NOT EDIT THIS FILE DIRECTLY.
# yarn lockfile v1


bootstrap-table@^1.20.2:
  version "1.20.2"
  resolved "https://registry.yarnpkg.com/bootstrap-table/-/bootstrap-table-1.20.2.tgz#187fcd1812fa3422f964e3b32e3fc3d266108a83"
  integrity sha512-6j9zfjjK6VZyJj8KsH+LnGczqglmMvMctGAoEAKDvrQ92ExQbA3mHGYPQr9iPrzoyeGL8+6Dyx6LqJbWmWmBoA==
